// !$*UTF8*$!
{
	archiveVersion = 1;
	classes = {
	};
	objectVersion = 46;
	objects = {

/* Begin PBXBuildFile section */
		152364621CA6D106008D4F58 /* AppDelegate.swift in Sources */ = {isa = PBXBuildFile; fileRef = 152364611CA6D106008D4F58 /* AppDelegate.swift */; };
		152364641CA6D106008D4F58 /* ViewController.swift in Sources */ = {isa = PBXBuildFile; fileRef = 152364631CA6D106008D4F58 /* ViewController.swift */; };
		152364671CA6D106008D4F58 /* Main.storyboard in Resources */ = {isa = PBXBuildFile; fileRef = 152364651CA6D106008D4F58 /* Main.storyboard */; };
		152364691CA6D107008D4F58 /* Assets.xcassets in Resources */ = {isa = PBXBuildFile; fileRef = 152364681CA6D107008D4F58 /* Assets.xcassets */; };
		1523646C1CA6D107008D4F58 /* LaunchScreen.storyboard in Resources */ = {isa = PBXBuildFile; fileRef = 1523646A1CA6D107008D4F58 /* LaunchScreen.storyboard */; };
/* End PBXBuildFile section */

/* Begin PBXFileReference section */
		1523645E1CA6D106008D4F58 /* PaperMenuController.app */ = {isa = PBXFileReference; explicitFileType = wrapper.application; includeInIndex = 0; path = PaperMenuController.app; sourceTree = BUILT_PRODUCTS_DIR; };
		152364611CA6D106008D4F58 /* AppDelegate.swift */ = {isa = PBXFileReference; lastKnownFileType = sourcecode.swift; path = AppDelegate.swift; sourceTree = "<group>"; };
		152364631CA6D106008D4F58 /* ViewController.swift */ = {isa = PBXFileReference; lastKnownFileType = sourcecode.swift; path = ViewController.swift; sourceTree = "<group>"; };
		152364661CA6D106008D4F58 /* Base */ = {isa = PBXFileReference; lastKnownFileType = file.storyboard; name = Base; path = Base.lproj/Main.storyboard; sourceTree = "<group>"; };
		152364681CA6D107008D4F58 /* Assets.xcassets */ = {isa = PBXFileReference; lastKnownFileType = folder.assetcatalog; path = Assets.xcassets; sourceTree = "<group>"; };
		1523646B1CA6D107008D4F58 /* Base */ = {isa = PBXFileReference; lastKnownFileType = file.storyboard; name = Base; path = Base.lproj/LaunchScreen.storyboard; sourceTree = "<group>"; };
		1523646D1CA6D107008D4F58 /* Info.plist */ = {isa = PBXFileReference; lastKnownFileType = text.plist.xml; path = Info.plist; sourceTree = "<group>"; };
/* End PBXFileReference section */

/* Begin PBXFrameworksBuildPhase section */
		1523645B1CA6D106008D4F58 /* Frameworks */ = {
			isa = PBXFrameworksBuildPhase;
			buildActionMask = 2147483647;
			files = (
			);
			runOnlyForDeploymentPostprocessing = 0;
		};
/* End PBXFrameworksBuildPhase section */

/* Begin PBXGroup section */
		152364551CA6D106008D4F58 = {
			isa = PBXGroup;
			children = (
				152364601CA6D106008D4F58 /* PaperMenuController */,
				1523645F1CA6D106008D4F58 /* Products */,
			);
			sourceTree = "<group>";
		};
		1523645F1CA6D106008D4F58 /* Products */ = {
			isa = PBXGroup;
			children = (
				1523645E1CA6D106008D4F58 /* PaperMenuController.app */,
			);
			name = Products;
			sourceTree = "<group>";
		};
		152364601CA6D106008D4F58 /* PaperMenuController */ = {
			isa = PBXGroup;
			children = (
				152364611CA6D106008D4F58 /* AppDelegate.swift */,
				152364631CA6D106008D4F58 /* ViewController.swift */,
				152364651CA6D106008D4F58 /* Main.storyboard */,
				152364681CA6D107008D4F58 /* Assets.xcassets */,
				1523646A1CA6D107008D4F58 /* LaunchScreen.storyboard */,
				1523646D1CA6D107008D4F58 /* Info.plist */,
			);
			path = PaperMenuController;
			sourceTree = "<group>";
		};
/* End PBXGroup section */

/* Begin PBXNativeTarget section */
		1523645D1CA6D106008D4F58 /* PaperMenuController */ = {
			isa = PBXNativeTarget;
			buildConfigurationList = 152364701CA6D107008D4F58 /* Build configuration list for PBXNativeTarget "PaperMenuController" */;
			buildPhases = (
				1523645A1CA6D106008D4F58 /* Sources */,
				1523645B1CA6D106008D4F58 /* Frameworks */,
				1523645C1CA6D106008D4F58 /* Resources */,
			);
			buildRules = (
			);
			dependencies = (
			);
			name = PaperMenuController;
			productName = PaperMenuController;
			productReference = 1523645E1CA6D106008D4F58 /* PaperMenuController.app */;
			productType = "com.apple.product-type.application";
		};
/* End PBXNativeTarget section */

/* Begin PBXProject section */
		152364561CA6D106008D4F58 /* Project object */ = {
			isa = PBXProject;
			attributes = {
				LastSwiftUpdateCheck = 0710;
				LastUpgradeCheck = 0710;
				ORGANIZATIONNAME = ViNiT.;
				TargetAttributes = {
					1523645D1CA6D106008D4F58 = {
						CreatedOnToolsVersion = 7.1;
					};
				};
			};
			buildConfigurationList = 152364591CA6D106008D4F58 /* Build configuration list for PBXProject "PaperMenuController" */;
			compatibilityVersion = "Xcode 3.2";
			developmentRegion = English;
			hasScannedForEncodings = 0;
			knownRegions = (
				en,
				Base,
			);
			mainGroup = 152364551CA6D106008D4F58;
			productRefGroup = 1523645F1CA6D106008D4F58 /* Products */;
			projectDirPath = "";
			projectRoot = "";
			targets = (
				1523645D1CA6D106008D4F58 /* PaperMenuController */,
			);
		};
/* End PBXProject section */

/* Begin PBXResourcesBuildPhase section */
		1523645C1CA6D106008D4F58 /* Resources */ = {
			isa = PBXResourcesBuildPhase;
			buildActionMask = 2147483647;
			files = (
				1523646C1CA6D107008D4F58 /* LaunchScreen.storyboard in Resources */,
				152364691CA6D107008D4F58 /* Assets.xcassets in Resources */,
				152364671CA6D106008D4F58 /* Main.storyboard in Resources */,
			);
			runOnlyForDeploymentPostprocessing = 0;
		};
/* End PBXResourcesBuildPhase section */

/* Begin PBXSourcesBuildPhase section */
		1523645A1CA6D106008D4F58 /* Sources */ = {
			isa = PBXSourcesBuildPhase;
			buildActionMask = 2147483647;
			files = (
				152364641CA6D106008D4F58 /* ViewController.swift in Sources */,
				152364621CA6D106008D4F58 /* AppDelegate.swift in Sources */,
			);
			runOnlyForDeploymentPostprocessing = 0;
		};
/* End PBXSourcesBuildPhase section */

/* Begin PBXVariantGroup section */
		152364651CA6D106008D4F58 /* Main.storyboard */ = {
			isa = PBXVariantGroup;
			children = (
				152364661CA6D106008D4F58 /* Base */,
			);
			name = Main.storyboard;
			sourceTree = "<group>";
		};
		1523646A1CA6D107008D4F58 /* LaunchScreen.storyboard */ = {
			isa = PBXVariantGroup;
			children = (
				1523646B1CA6D107008D4F58 /* Base */,
			);
			name = LaunchScreen.storyboard;
			sourceTree = "<group>";
		};
/* End PBXVariantGroup section */

/* Begin XCBuildConfiguration section */
		1523646E1CA6D107008D4F58 /* Debug */ = {
			isa = XCBuildConfiguration;
			buildSettings = {
				ALWAYS_SEARCH_USER_PATHS = NO;
				CLANG_CXX_LANGUAGE_STANDARD = "gnu++0x";
				CLANG_CXX_LIBRARY = "libc++";
				CLANG_ENABLE_MODULES = YES;
				CLANG_ENABLE_OBJC_ARC = YES;
				CLANG_WARN_BOOL_CONVERSION = YES;
				CLANG_WARN_CONSTANT_CONVERSION = YES;
				CLANG_WARN_DIRECT_OBJC_ISA_USAGE = YES_ERROR;
				CLANG_WARN_EMPTY_BODY = YES;
				CLANG_WARN_ENUM_CONVERSION = YES;
				CLANG_WARN_INT_CONVERSION = YES;
				CLANG_WARN_OBJC_ROOT_CLASS = YES_ERROR;
				CLANG_WARN_UNREACHABLE_CODE = YES;
				CLANG_WARN__DUPLICATE_METHOD_MATCH = YES;
				"CODE_SIGN_IDENTITY[sdk=iphoneos*]" = "iPhone Developer";
				COPY_PHASE_STRIP = NO;
				DEBUG_INFORMATION_FORMAT = dwarf;
				ENABLE_STRICT_OBJC_MSGSEND = YES;
				ENABLE_TESTABILITY = YES;
				GCC_C_LANGUAGE_STANDARD = gnu99;
				GCC_DYNAMIC_NO_PIC = NO;
				GCC_NO_COMMON_BLOCKS = YES;
				GCC_OPTIMIZATION_LEVEL = 0;
				GCC_PREPROCESSOR_DEFINITIONS = (
					"DEBUG=1",
					"$(inherited)",
				);
				GCC_WARN_64_TO_32_BIT_CONVERSION = YES;
				GCC_WARN_ABOUT_RETURN_TYPE = YES_ERROR;
				GCC_WARN_UNDECLARED_SELECTOR = YES;
				GCC_WARN_UNINITIALIZED_AUTOS = YES_AGGRESSIVE;
				GCC_WARN_UNUSED_FUNCTION = YES;
				GCC_WARN_UNUSED_VARIABLE = YES;
				IPHONEOS_DEPLOYMENT_TARGET = 9.1;
				MTL_ENABLE_DEBUG_INFO = YES;
				ONLY_ACTIVE_ARCH = YES;
				SDKROOT = iphoneos;
				SWIFT_OPTIMIZATION_LEVEL = "-Onone";
			};
			name = Debug;
		};
		1523646F1CA6D107008D4F58 /* Release */ = {
			isa = XCBuildConfiguration;
			buildSettings = {
				ALWAYS_SEARCH_USER_PATHS = NO;
				CLANG_CXX_LANGUAGE_STANDARD = "gnu++0x";
				CLANG_CXX_LIBRARY = "libc++";
				CLANG_ENABLE_MODULES = YES;
				CLANG_ENABLE_OBJC_ARC = YES;
				CLANG_WARN_BOOL_CONVERSION = YES;
				CLANG_WARN_CONSTANT_CONVERSION = YES;
				CLANG_WARN_DIRECT_OBJC_ISA_USAGE = YES_ERROR;
				CLANG_WARN_EMPTY_BODY = YES;
				CLANG_WARN_ENUM_CONVERSION = YES;
				CLANG_WARN_INT_CONVERSION = YES;
				CLANG_WARN_OBJC_ROOT_CLASS = YES_ERROR;
				CLANG_WARN_UNREACHABLE_CODE = YES;
				CLANG_WARN__DUPLICATE_METHOD_MATCH = YES;
				"CODE_SIGN_IDENTITY[sdk=iphoneos*]" = "iPhone Developer";
				COPY_PHASE_STRIP = NO;
				DEBUG_INFORMATION_FORMAT = "dwarf-with-dsym";
				ENABLE_NS_ASSERTIONS = NO;
				ENABLE_STRICT_OBJC_MSGSEND = YES;
				GCC_C_LANGUAGE_STANDARD = gnu99;
				GCC_NO_COMMON_BLOCKS = YES;
				GCC_WARN_64_TO_32_BIT_CONVERSION = YES;
				GCC_WARN_ABOUT_RETURN_TYPE = YES_ERROR;
				GCC_WARN_UNDECLARED_SELECTOR = YES;
				GCC_WARN_UNINITIALIZED_AUTOS = YES_AGGRESSIVE;
				GCC_WARN_UNUSED_FUNCTION = YES;
				GCC_WARN_UNUSED_VARIABLE = YES;
				IPHONEOS_DEPLOYMENT_TARGET = 9.1;
				MTL_ENABLE_DEBUG_INFO = NO;
				SDKROOT = iphoneos;
				VALIDATE_PRODUCT = YES;
			};
			name = Release;
		};
		152364711CA6D107008D4F58 /* Debug */ = {
			isa = XCBuildConfiguration;
			buildSettings = {
				ASSETCATALOG_COMPILER_APPICON_NAME = AppIcon;
				INFOPLIST_FILE = PaperMenuController/Info.plist;
				LD_RUNPATH_SEARCH_PATHS = "$(inherited) @executable_path/Frameworks";
				PRODUCT_BUNDLE_IDENTIFIER = com.ViNiT.PaperMenuController;
				PRODUCT_NAME = "$(TARGET_NAME)";
			};
			name = Debug;
		};
		152364721CA6D107008D4F58 /* Release */ = {
			isa = XCBuildConfiguration;
			buildSettings = {
				ASSETCATALOG_COMPILER_APPICON_NAME = AppIcon;
				INFOPLIST_FILE = PaperMenuController/Info.plist;
				LD_RUNPATH_SEARCH_PATHS = "$(inherited) @executable_path/Frameworks";
				PRODUCT_BUNDLE_IDENTIFIER = com.ViNiT.PaperMenuController;
				PRODUCT_NAME = "$(TARGET_NAME)";
			};
			name = Release;
		};
/* End XCBuildConfiguration section */

/* Begin XCConfigurationList section */
		152364591CA6D106008D4F58 /* Build configuration list for PBXProject "PaperMenuController" */ = {
			isa = XCConfigurationList;
			buildConfigurations = (
				1523646E1CA6D107008D4F58 /* Debug */,
				1523646F1CA6D107008D4F58 /* Release */,
			);
			defaultConfigurationIsVisible = 0;
			defaultConfigurationName = Release;
		};
		152364701CA6D107008D4F58 /* Build configuration list for PBXNativeTarget "PaperMenuController" */ = {
			isa = XCConfigurationList;
			buildConfigurations = (
				152364711CA6D107008D4F58 /* Debug */,
				152364721CA6D107008D4F58 /* Release */,
			);
			defaultConfigurationIsVisible = 0;
		};
/* End XCConfigurationList section */
	};
	rootObject = 152364561CA6D106008D4F58 /* Project object */;
}
